Microsoft Visual Studio Solution File, Format Version 12.00
# Visual Studio Version 17
VisualStudioVersion = 17.5.2.0
MinimumVisualStudioVersion = 10.0.40219.1
Project("{FAE04EC0-301F-11D3-BF4B-00C04F79EFBC}") = "RankFome", "RankFome\RankFome.csproj", "{7916E747-D8C4-14E7-5534-F6C94500361C}"
EndProject
Global
	GlobalSection(SolutionConfigurationPlatforms) = preSolution
		Debug|Any CPU = Debug|Any CPU
		Release|Any CPU = Release|Any CPU
	EndGlobalSection
	GlobalSection(ProjectConfigurationPlatforms) = postSolution
		{7916E747-D8C4-14E7-5534-F6C94500361C}.Debug|Any CPU.ActiveCfg = Debug|Any CPU
		{7916E747-D8C4-14E7-5534-F6C94500361C}.Debug|Any CPU.Build.0 = Debug|Any CPU
		{7916E747-D8C4-14E7-5534-F6C94500361C}.Release|Any CPU.ActiveCfg = Release|Any CPU
		{7916E747-D8C4-14E7-5534-F6C94500361C}.Release|Any CPU.Build.0 = Release|Any CPU
	EndGlobalSection
	GlobalSection(SolutionProperties) = preSolution
		HideSolutionNode = FALSE
	EndGlobalSection
	GlobalSection(ExtensibilityGlobals) = postSolution
		SolutionGuid = {442BA99A-1F6E-434B-B777-DCF4B3AAD5BD}
	EndGlobalSection
EndGlobal
